
Microsoft Visual Studio Solution File, Format Version 12.00
# Visual Studio 15
VisualStudioVersion = 15.0.28307.705
MinimumVisualStudioVersion = 10.0.40219.1
Project("{FAE04EC0-301F-11D3-BF4B-00C04F79EFBC}") = "Mechanica", "Mechanica\Mechanica.csproj", "{32873C1E-F4F8-4C65-8998-2D3707DA650A}"
EndProject
Global
	GlobalSection(SolutionConfigurationPlatforms) = preSolution
		Debug|Any CPU = Debug|Any CPU
		Release|Any CPU = Release|Any CPU
	EndGlobalSection
	GlobalSection(ProjectConfigurationPlatforms) = postSolution
		{32873C1E-F4F8-4C65-8998-2D3707DA650A}.Debug|Any CPU.ActiveCfg = Debug|Any CPU
		{32873C1E-F4F8-4C65-8998-2D3707DA650A}.Debug|Any CPU.Build.0 = Debug|Any CPU
		{32873C1E-F4F8-4C65-8998-2D3707DA650A}.Release|Any CPU.ActiveCfg = Release|Any CPU
		{32873C1E-F4F8-4C65-8998-2D3707DA650A}.Release|Any CPU.Build.0 = Release|Any CPU
	EndGlobalSection
	GlobalSection(SolutionProperties) = preSolution
		HideSolutionNode = FALSE
	EndGlobalSection
	GlobalSection(ExtensibilityGlobals) = postSolution
		SolutionGuid = {3901C94C-E55A-461C-993A-8A63E60BF556}
	EndGlobalSection
EndGlobal
